
Microsoft Visual Studio Solution File, Format Version 12.00
# Visual Studio Version 17
VisualStudioVersion = 17.14.36121.58
MinimumVisualStudioVersion = 10.0.40219.1
Project("{FAE04EC0-301F-11D3-BF4B-00C04F79EFBC}") = "TestTask", "TestTask\TestTask.csproj", "{5E848200-4C76-4661-8512-54E70DD3936C}"
EndProject
Project("{FAE04EC0-301F-11D3-BF4B-00C04F79EFBC}") = "TestTask.Tests", "TestTask.Tests\TestTask.Tests.csproj", "{1FC763EE-9EB3-4FF8-9734-C57AE31E580B}"
EndProject
Global
	GlobalSection(SolutionConfigurationPlatforms) = preSolution
		Debug|Any CPU = Debug|Any CPU
		Release|Any CPU = Release|Any CPU
	EndGlobalSection
	GlobalSection(ProjectConfigurationPlatforms) = postSolution
		{5E848200-4C76-4661-8512-54E70DD3936C}.Debug|Any CPU.ActiveCfg = Debug|Any CPU
		{5E848200-4C76-4661-8512-54E70DD3936C}.Debug|Any CPU.Build.0 = Debug|Any CPU
		{5E848200-4C76-4661-8512-54E70DD3936C}.Release|Any CPU.ActiveCfg = Release|Any CPU
		{5E848200-4C76-4661-8512-54E70DD3936C}.Release|Any CPU.Build.0 = Release|Any CPU
		{1FC763EE-9EB3-4FF8-9734-C57AE31E580B}.Debug|Any CPU.ActiveCfg = Debug|Any CPU
		{1FC763EE-9EB3-4FF8-9734-C57AE31E580B}.Debug|Any CPU.Build.0 = Debug|Any CPU
		{1FC763EE-9EB3-4FF8-9734-C57AE31E580B}.Release|Any CPU.ActiveCfg = Release|Any CPU
		{1FC763EE-9EB3-4FF8-9734-C57AE31E580B}.Release|Any CPU.Build.0 = Release|Any CPU
	EndGlobalSection
	GlobalSection(SolutionProperties) = preSolution
		HideSolutionNode = FALSE
	EndGlobalSection
	GlobalSection(ExtensibilityGlobals) = postSolution
		SolutionGuid = {06199463-1E3B-41B3-A152-628923A08BB9}
	EndGlobalSection
EndGlobal
